
Microsoft Visual Studio Solution File, Format Version 12.00
# Visual Studio Version 17
VisualStudioVersion = 17.1.32210.238
MinimumVisualStudioVersion = 10.0.40219.1
Project("{2150E333-8FDC-42A3-9474-1A3956D46DE8}") = "Lab2", "Lab2", "{651AF9FE-4CB4-4AC6-ADA0-C02632188B74}"
EndProject
Project("{8BC9CEB8-8B4A-11D0-8D11-00A0C91BC942}") = "lab2", "lab2\lab2.vcxproj", "{A6AE828F-21EA-4E84-BA4C-2AE0810B62A3}"
EndProject
Project("{2150E333-8FDC-42A3-9474-1A3956D46DE8}") = "Lab3", "Lab3", "{43F439A1-0F22-44CF-8CBC-DD1FB37D950C}"
EndProject
Project("{8BC9CEB8-8B4A-11D0-8D11-00A0C91BC942}") = "lab3", "lab3\lab3.vcxproj", "{C0BD026B-81F4-4581-99CB-6AAC932FCB51}"
EndProject
Project("{2150E333-8FDC-42A3-9474-1A3956D46DE8}") = "Lab4", "Lab4", "{AA27AF50-6091-4595-A294-B96E068D4347}"
EndProject
Project("{2150E333-8FDC-42A3-9474-1A3956D46DE8}") = "Lab5", "Lab5", "{D386EFF8-655A-4B69-B23C-19EEC59365CF}"
EndProject
Project("{2150E333-8FDC-42A3-9474-1A3956D46DE8}") = "Lab6", "Lab6", "{DF913DD0-CB09-4C6E-990F-A38E4AF835A5}"
EndProject
Project("{8BC9CEB8-8B4A-11D0-8D11-00A0C91BC942}") = "lab4", "lab4\lab4.vcxproj", "{CC69A157-9AEA-4866-9437-C322F45E1C7B}"
EndProject
Project("{8BC9CEB8-8B4A-11D0-8D11-00A0C91BC942}") = "lab5", "lab5\lab5.vcxproj", "{D9BAA0D4-B90D-4FA4-B971-FF12902A7625}"
EndProject
Project("{8BC9CEB8-8B4A-11D0-8D11-00A0C91BC942}") = "lab6", "lab6\lab6.vcxproj", "{98288961-35B2-477D-99C1-73E0BA9D52EF}"
EndProject
Global
	GlobalSection(SolutionConfigurationPlatforms) = preSolution
		Debug|x64 = Debug|x64
		Debug|x86 = Debug|x86
		Release|x64 = Release|x64
		Release|x86 = Release|x86
	EndGlobalSection
	GlobalSection(ProjectConfigurationPlatforms) = postSolution
		{A6AE828F-21EA-4E84-BA4C-2AE0810B62A3}.Debug|x64.ActiveCfg = Debug|x64
		{A6AE828F-21EA-4E84-BA4C-2AE0810B62A3}.Debug|x64.Build.0 = Debug|x64
		{A6AE828F-21EA-4E84-BA4C-2AE0810B62A3}.Debug|x86.ActiveCfg = Debug|Win32
		{A6AE828F-21EA-4E84-BA4C-2AE0810B62A3}.Debug|x86.Build.0 = Debug|Win32
		{A6AE828F-21EA-4E84-BA4C-2AE0810B62A3}.Release|x64.ActiveCfg = Release|x64
		{A6AE828F-21EA-4E84-BA4C-2AE0810B62A3}.Release|x64.Build.0 = Release|x64
		{A6AE828F-21EA-4E84-BA4C-2AE0810B62A3}.Release|x86.ActiveCfg = Release|Win32
		{A6AE828F-21EA-4E84-BA4C-2AE0810B62A3}.Release|x86.Build.0 = Release|Win32
		{C0BD026B-81F4-4581-99CB-6AAC932FCB51}.Debug|x64.ActiveCfg = Debug|x64
		{C0BD026B-81F4-4581-99CB-6AAC932FCB51}.Debug|x64.Build.0 = Debug|x64
		{C0BD026B-81F4-4581-99CB-6AAC932FCB51}.Debug|x86.ActiveCfg = Debug|Win32
		{C0BD026B-81F4-4581-99CB-6AAC932FCB51}.Debug|x86.Build.0 = Debug|Win32
		{C0BD026B-81F4-4581-99CB-6AAC932FCB51}.Release|x64.ActiveCfg = Release|x64
		{C0BD026B-81F4-4581-99CB-6AAC932FCB51}.Release|x64.Build.0 = Release|x64
		{C0BD026B-81F4-4581-99CB-6AAC932FCB51}.Release|x86.ActiveCfg = Release|Win32
		{C0BD026B-81F4-4581-99CB-6AAC932FCB51}.Release|x86.Build.0 = Release|Win32
		{CC69A157-9AEA-4866-9437-C322F45E1C7B}.Debug|x64.ActiveCfg = Debug|x64
		{CC69A157-9AEA-4866-9437-C322F45E1C7B}.Debug|x64.Build.0 = Debug|x64
		{CC69A157-9AEA-4866-9437-C322F45E1C7B}.Debug|x86.ActiveCfg = Debug|Win32
		{CC69A157-9AEA-4866-9437-C322F45E1C7B}.Debug|x86.Build.0 = Debug|Win32
		{CC69A157-9AEA-4866-9437-C322F45E1C7B}.Release|x64.ActiveCfg = Release|x64
		{CC69A157-9AEA-4866-9437-C322F45E1C7B}.Release|x64.Build.0 = Release|x64
		{CC69A157-9AEA-4866-9437-C322F45E1C7B}.Release|x86.ActiveCfg = Release|Win32
		{CC69A157-9AEA-4866-9437-C322F45E1C7B}.Release|x86.Build.0 = Release|Win32
		{D9BAA0D4-B90D-4FA4-B971-FF12902A7625}.Debug|x64.ActiveCfg = Debug|x64
		{D9BAA0D4-B90D-4FA4-B971-FF12902A7625}.Debug|x64.Build.0 = Debug|x64
		{D9BAA0D4-B90D-4FA4-B971-FF12902A7625}.Debug|x86.ActiveCfg = Debug|Win32
		{D9BAA0D4-B90D-4FA4-B971-FF12902A7625}.Debug|x86.Build.0 = Debug|Win32
		{D9BAA0D4-B90D-4FA4-B971-FF12902A7625}.Release|x64.ActiveCfg = Release|x64
		{D9BAA0D4-B90D-4FA4-B971-FF12902A7625}.Release|x64.Build.0 = Release|x64
		{D9BAA0D4-B90D-4FA4-B971-FF12902A7625}.Release|x86.ActiveCfg = Release|Win32
		{D9BAA0D4-B90D-4FA4-B971-FF12902A7625}.Release|x86.Build.0 = Release|Win32
		{98288961-35B2-477D-99C1-73E0BA9D52EF}.Debug|x64.ActiveCfg = Debug|x64
		{98288961-35B2-477D-99C1-73E0BA9D52EF}.Debug|x64.Build.0 = Debug|x64
		{98288961-35B2-477D-99C1-73E0BA9D52EF}.Debug|x86.ActiveCfg = Debug|Win32
		{98288961-35B2-477D-99C1-73E0BA9D52EF}.Debug|x86.Build.0 = Debug|Win32
		{98288961-35B2-477D-99C1-73E0BA9D52EF}.Release|x64.ActiveCfg = Release|x64
		{98288961-35B2-477D-99C1-73E0BA9D52EF}.Release|x64.Build.0 = Release|x64
		{98288961-35B2-477D-99C1-73E0BA9D52EF}.Release|x86.ActiveCfg = Release|Win32
		{98288961-35B2-477D-99C1-73E0BA9D52EF}.Release|x86.Build.0 = Release|Win32
	EndGlobalSection
	GlobalSection(SolutionProperties) = preSolution
		HideSolutionNode = FALSE
	EndGlobalSection
	GlobalSection(NestedProjects) = preSolution
		{A6AE828F-21EA-4E84-BA4C-2AE0810B62A3} = {651AF9FE-4CB4-4AC6-ADA0-C02632188B74}
		{C0BD026B-81F4-4581-99CB-6AAC932FCB51} = {43F439A1-0F22-44CF-8CBC-DD1FB37D950C}
		{CC69A157-9AEA-4866-9437-C322F45E1C7B} = {AA27AF50-6091-4595-A294-B96E068D4347}
		{D9BAA0D4-B90D-4FA4-B971-FF12902A7625} = {D386EFF8-655A-4B69-B23C-19EEC59365CF}
		{98288961-35B2-477D-99C1-73E0BA9D52EF} = {DF913DD0-CB09-4C6E-990F-A38E4AF835A5}
	EndGlobalSection
	GlobalSection(ExtensibilityGlobals) = postSolution
		SolutionGuid = {39D9AAE8-5201-4B3B-B7B3-9CC6CCF4448B}
	EndGlobalSection
EndGlobal
